
Microsoft Visual Studio Solution File, Format Version 12.00
# Visual Studio Version 16
VisualStudioVersion = 16.0.33328.57
MinimumVisualStudioVersion = 10.0.40219.1
Project("{FAE04EC0-301F-11D3-BF4B-00C04F79EFBC}") = "dz_14.02", "dz_14.02\dz_14.02.csproj", "{CCA2B1A9-5799-4F01-81E6-D657090DFC3D}"
EndProject
Global
	GlobalSection(SolutionConfigurationPlatforms) = preSolution
		Debug|Any CPU = Debug|Any CPU
		Release|Any CPU = Release|Any CPU
	EndGlobalSection
	GlobalSection(ProjectConfigurationPlatforms) = postSolution
		{CCA2B1A9-5799-4F01-81E6-D657090DFC3D}.Debug|Any CPU.ActiveCfg = Debug|Any CPU
		{CCA2B1A9-5799-4F01-81E6-D657090DFC3D}.Debug|Any CPU.Build.0 = Debug|Any CPU
		{CCA2B1A9-5799-4F01-81E6-D657090DFC3D}.Release|Any CPU.ActiveCfg = Release|Any CPU
		{CCA2B1A9-5799-4F01-81E6-D657090DFC3D}.Release|Any CPU.Build.0 = Release|Any CPU
	EndGlobalSection
	GlobalSection(SolutionProperties) = preSolution
		HideSolutionNode = FALSE
	EndGlobalSection
	GlobalSection(ExtensibilityGlobals) = postSolution
		SolutionGuid = {3E6E1045-ECA4-408B-9760-2B32195B4470}
	EndGlobalSection
EndGlobal
